
Microsoft Visual Studio Solution File, Format Version 12.00
# Visual Studio 15
VisualStudioVersion = 15.0.26430.16
MinimumVisualStudioVersion = 10.0.40219.1
Project("{FAE04EC0-301F-11D3-BF4B-00C04F79EFBC}") = "pioneertestconsultancysystem", "pioneertestconsultancysystem\pioneertestconsultancysystem.csproj", "{071CF651-0CCB-4EB8-AC50-A9873CDBA258}"
EndProject
Project("{FAE04EC0-301F-11D3-BF4B-00C04F79EFBC}") = "pioneerdataaccess", "pioneerdataaccess\pioneerdataaccess.csproj", "{B80B1B87-C12A-4566-B9F4-876A64124D7D}"
EndProject
Project("{FAE04EC0-301F-11D3-BF4B-00C04F79EFBC}") = "PioneerTech", "PioneerTech\PioneerTech.csproj", "{C8769501-9CBD-4255-A3CF-52DF3AE1C73C}"
EndProject
Global
	GlobalSection(SolutionConfigurationPlatforms) = preSolution
		Debug|Any CPU = Debug|Any CPU
		Release|Any CPU = Release|Any CPU
	EndGlobalSection
	GlobalSection(ProjectConfigurationPlatforms) = postSolution
		{071CF651-0CCB-4EB8-AC50-A9873CDBA258}.Debug|Any CPU.ActiveCfg = Debug|Any CPU
		{071CF651-0CCB-4EB8-AC50-A9873CDBA258}.Debug|Any CPU.Build.0 = Debug|Any CPU
		{071CF651-0CCB-4EB8-AC50-A9873CDBA258}.Release|Any CPU.ActiveCfg = Release|Any CPU
		{071CF651-0CCB-4EB8-AC50-A9873CDBA258}.Release|Any CPU.Build.0 = Release|Any CPU
		{B80B1B87-C12A-4566-B9F4-876A64124D7D}.Debug|Any CPU.ActiveCfg = Debug|Any CPU
		{B80B1B87-C12A-4566-B9F4-876A64124D7D}.Debug|Any CPU.Build.0 = Debug|Any CPU
		{B80B1B87-C12A-4566-B9F4-876A64124D7D}.Release|Any CPU.ActiveCfg = Release|Any CPU
		{B80B1B87-C12A-4566-B9F4-876A64124D7D}.Release|Any CPU.Build.0 = Release|Any CPU
		{C8769501-9CBD-4255-A3CF-52DF3AE1C73C}.Debug|Any CPU.ActiveCfg = Debug|Any CPU
		{C8769501-9CBD-4255-A3CF-52DF3AE1C73C}.Debug|Any CPU.Build.0 = Debug|Any CPU
		{C8769501-9CBD-4255-A3CF-52DF3AE1C73C}.Release|Any CPU.ActiveCfg = Release|Any CPU
		{C8769501-9CBD-4255-A3CF-52DF3AE1C73C}.Release|Any CPU.Build.0 = Release|Any CPU
	EndGlobalSection
	GlobalSection(SolutionProperties) = preSolution
		HideSolutionNode = FALSE
	EndGlobalSection
EndGlobal
